
Microsoft Visual Studio Solution File, Format Version 12.00
# Visual Studio Version 17
VisualStudioVersion = 17.6.33829.357
MinimumVisualStudioVersion = 10.0.40219.1
Project("{FAE04EC0-301F-11D3-BF4B-00C04F79EFBC}") = "TwoSumPalindromeConsoleApp", "TwoSumPalindromeConsoleApp\TwoSumPalindromeConsoleApp.csproj", "{D17C22BD-98C8-4262-81FA-916F2531E6CF}"
EndProject
Global
	GlobalSection(SolutionConfigurationPlatforms) = preSolution
		Debug|Any CPU = Debug|Any CPU
		Release|Any CPU = Release|Any CPU
	EndGlobalSection
	GlobalSection(ProjectConfigurationPlatforms) = postSolution
		{D17C22BD-98C8-4262-81FA-916F2531E6CF}.Debug|Any CPU.ActiveCfg = Debug|Any CPU
		{D17C22BD-98C8-4262-81FA-916F2531E6CF}.Debug|Any CPU.Build.0 = Debug|Any CPU
		{D17C22BD-98C8-4262-81FA-916F2531E6CF}.Release|Any CPU.ActiveCfg = Release|Any CPU
		{D17C22BD-98C8-4262-81FA-916F2531E6CF}.Release|Any CPU.Build.0 = Release|Any CPU
	EndGlobalSection
	GlobalSection(SolutionProperties) = preSolution
		HideSolutionNode = FALSE
	EndGlobalSection
	GlobalSection(ExtensibilityGlobals) = postSolution
		SolutionGuid = {167A0D94-9DD3-4AA8-A04B-ABF9A4801B44}
	EndGlobalSection
EndGlobal
