
Microsoft Visual Studio Solution File, Format Version 12.00
# Visual Studio Version 17
VisualStudioVersion = 17.6.33829.357
MinimumVisualStudioVersion = 10.0.40219.1
Project("{FAE04EC0-301F-11D3-BF4B-00C04F79EFBC}") = "ValidParentheses_UniqueValuesConsoleApp", "ValidParentheses_UniqueValuesConsoleApp\ValidParentheses_UniqueValuesConsoleApp.csproj", "{578F9CA8-AACD-4AB0-9980-2FDAC243AAA1}"
EndProject
Global
	GlobalSection(SolutionConfigurationPlatforms) = preSolution
		Debug|Any CPU = Debug|Any CPU
		Release|Any CPU = Release|Any CPU
	EndGlobalSection
	GlobalSection(ProjectConfigurationPlatforms) = postSolution
		{578F9CA8-AACD-4AB0-9980-2FDAC243AAA1}.Debug|Any CPU.ActiveCfg = Debug|Any CPU
		{578F9CA8-AACD-4AB0-9980-2FDAC243AAA1}.Debug|Any CPU.Build.0 = Debug|Any CPU
		{578F9CA8-AACD-4AB0-9980-2FDAC243AAA1}.Release|Any CPU.ActiveCfg = Release|Any CPU
		{578F9CA8-AACD-4AB0-9980-2FDAC243AAA1}.Release|Any CPU.Build.0 = Release|Any CPU
	EndGlobalSection
	GlobalSection(SolutionProperties) = preSolution
		HideSolutionNode = FALSE
	EndGlobalSection
	GlobalSection(ExtensibilityGlobals) = postSolution
		SolutionGuid = {1BF0083B-0983-4D62-B507-F2633EFC67B3}
	EndGlobalSection
EndGlobal
