
Microsoft Visual Studio Solution File, Format Version 12.00
# Visual Studio Version 17
VisualStudioVersion = 17.6.33829.357
MinimumVisualStudioVersion = 10.0.40219.1
Project("{FAE04EC0-301F-11D3-BF4B-00C04F79EFBC}") = "CustomArrayConsoleApp", "CustomArrayConsoleApp\CustomArrayConsoleApp.csproj", "{F1A224C1-A849-4117-AA24-61D757C663BE}"
EndProject
Global
	GlobalSection(SolutionConfigurationPlatforms) = preSolution
		Debug|Any CPU = Debug|Any CPU
		Release|Any CPU = Release|Any CPU
	EndGlobalSection
	GlobalSection(ProjectConfigurationPlatforms) = postSolution
		{F1A224C1-A849-4117-AA24-61D757C663BE}.Debug|Any CPU.ActiveCfg = Debug|Any CPU
		{F1A224C1-A849-4117-AA24-61D757C663BE}.Debug|Any CPU.Build.0 = Debug|Any CPU
		{F1A224C1-A849-4117-AA24-61D757C663BE}.Release|Any CPU.ActiveCfg = Release|Any CPU
		{F1A224C1-A849-4117-AA24-61D757C663BE}.Release|Any CPU.Build.0 = Release|Any CPU
	EndGlobalSection
	GlobalSection(SolutionProperties) = preSolution
		HideSolutionNode = FALSE
	EndGlobalSection
	GlobalSection(ExtensibilityGlobals) = postSolution
		SolutionGuid = {FF1FD9A4-2204-4285-A52D-D8B3F6028E1E}
	EndGlobalSection
EndGlobal
